dependencies:
- name: mongodb-replicaset
  repository: https://charts.helm.sh/stable
  version: 3.11.6
- name: redis
  repository: https://charts.bitnami.com/bitnami
  version: 12.10.0
digest: sha256:f48ddac338f00fafdaaf3fab66779a8d7f057e1ffbc1d05b3f9d35c571acbbe0
generated: "2021-04-02T17:36:07.799089408+02:00"
