dependencies:
- name: mongodb-replicaset
  repository: https://charts.helm.sh/stable
  version: 3.11.6
- name: redis
  repository: https://charts.bitnami.com/bitnami
  version: 16.13.0
digest: sha256:463483640d13a55a14df5486c64662330cb5362e9917b07df2ca0845e7745636
generated: "2022-06-28T13:20:07.529497526+02:00"
